
Microsoft Visual Studio Solution File, Format Version 12.00
# Visual Studio Version 17
VisualStudioVersion = 17.5.33516.290
MinimumVisualStudioVersion = 10.0.40219.1
Project("{FAE04EC0-301F-11D3-BF4B-00C04F79EFBC}") = "Lab5.4", "Lab5.4\Lab5.4.csproj", "{5E696553-F547-462D-8AD3-B3E69A92713F}"
EndProject
Global
	GlobalSection(SolutionConfigurationPlatforms) = preSolution
		Debug|Any CPU = Debug|Any CPU
		Release|Any CPU = Release|Any CPU
	EndGlobalSection
	GlobalSection(ProjectConfigurationPlatforms) = postSolution
		{5E696553-F547-462D-8AD3-B3E69A92713F}.Debug|Any CPU.ActiveCfg = Debug|Any CPU
		{5E696553-F547-462D-8AD3-B3E69A92713F}.Debug|Any CPU.Build.0 = Debug|Any CPU
		{5E696553-F547-462D-8AD3-B3E69A92713F}.Release|Any CPU.ActiveCfg = Release|Any CPU
		{5E696553-F547-462D-8AD3-B3E69A92713F}.Release|Any CPU.Build.0 = Release|Any CPU
	EndGlobalSection
	GlobalSection(SolutionProperties) = preSolution
		HideSolutionNode = FALSE
	EndGlobalSection
	GlobalSection(ExtensibilityGlobals) = postSolution
		SolutionGuid = {F31D8D98-E6A5-4B83-BC6B-B3E1C39BC6F0}
	EndGlobalSection
EndGlobal
