
Microsoft Visual Studio Solution File, Format Version 12.00
# Visual Studio Version 17
VisualStudioVersion = 17.1.32210.238
MinimumVisualStudioVersion = 10.0.40219.1
Project("{FAE04EC0-301F-11D3-BF4B-00C04F79EFBC}") = "Lab1.1(2023)", "Lab1.1(2023)\Lab1.1(2023).csproj", "{61823F0F-5FD0-47AF-A878-F42BA7F67B62}"
EndProject
Global
	GlobalSection(SolutionConfigurationPlatforms) = preSolution
		Debug|Any CPU = Debug|Any CPU
		Release|Any CPU = Release|Any CPU
	EndGlobalSection
	GlobalSection(ProjectConfigurationPlatforms) = postSolution
		{61823F0F-5FD0-47AF-A878-F42BA7F67B62}.Debug|Any CPU.ActiveCfg = Debug|Any CPU
		{61823F0F-5FD0-47AF-A878-F42BA7F67B62}.Debug|Any CPU.Build.0 = Debug|Any CPU
		{61823F0F-5FD0-47AF-A878-F42BA7F67B62}.Release|Any CPU.ActiveCfg = Release|Any CPU
		{61823F0F-5FD0-47AF-A878-F42BA7F67B62}.Release|Any CPU.Build.0 = Release|Any CPU
	EndGlobalSection
	GlobalSection(SolutionProperties) = preSolution
		HideSolutionNode = FALSE
	EndGlobalSection
	GlobalSection(ExtensibilityGlobals) = postSolution
		SolutionGuid = {7C867378-A82E-4F3C-9DCC-690902336096}
	EndGlobalSection
EndGlobal
